// !$*UTF8*$!
{
	archiveVersion = 1;
	classes = {
	};
	objectVersion = 56;
	objects = {

/* Begin PBXBuildFile section */
		8394CE812B7D6B80006B5956 /* AppStoreReviewRequest.swift in Sources */ = {isa = PBXBuildFile; fileRef = 8394CE802B7D6B80006B5956 /* AppStoreReviewRequest.swift */; };
		83D99AC52B796E2E0045C864 /* Vixie_ClockApp.swift in Sources */ = {isa = PBXBuildFile; fileRef = 83D99AC42B796E2E0045C864 /* Vixie_ClockApp.swift */; };
		83D99ACB2B796E300045C864 /* Assets.xcassets in Resources */ = {isa = PBXBuildFile; fileRef = 83D99ACA2B796E300045C864 /* Assets.xcassets */; };
		83D99ACE2B796E300045C864 /* Preview Assets.xcassets in Resources */ = {isa = PBXBuildFile; fileRef = 83D99ACD2B796E300045C864 /* Preview Assets.xcassets */; };
		83D99AD82B7978A20045C864 /* NixieOne.ttf in Resources */ = {isa = PBXBuildFile; fileRef = 83D99AD72B7978A20045C864 /* NixieOne.ttf */; };
		83D99ADA2B797AE10045C864 /* NixieView.swift in Sources */ = {isa = PBXBuildFile; fileRef = 83D99AD92B797AE10045C864 /* NixieView.swift */; };
		83D99ADC2B7988EB0045C864 /* ContentView.swift in Sources */ = {isa = PBXBuildFile; fileRef = 83D99ADB2B7988EB0045C864 /* ContentView.swift */; };
		83D99ADE2B798C600045C864 /* NixieColor.swift in Sources */ = {isa = PBXBuildFile; fileRef = 83D99ADD2B798C600045C864 /* NixieColor.swift */; };
		83D99AE02B7993B80045C864 /* NixieSettings.swift in Sources */ = {isa = PBXBuildFile; fileRef = 83D99ADF2B7993B80045C864 /* NixieSettings.swift */; };
		83D99AE22B799A640045C864 /* NixieSettingsView.swift in Sources */ = {isa = PBXBuildFile; fileRef = 83D99AE12B799A640045C864 /* NixieSettingsView.swift */; };
		83D99AE52B79B0C10045C864 /* NixieOneOFL.txt in Resources */ = {isa = PBXBuildFile; fileRef = 83D99AE42B79B0C10045C864 /* NixieOneOFL.txt */; };
		83D99AE82B79B12B0045C864 /* AboutView.swift in Sources */ = {isa = PBXBuildFile; fileRef = 83D99AE72B79B12B0045C864 /* AboutView.swift */; };
/* End PBXBuildFile section */

/* Begin PBXFileReference section */
		8394CE802B7D6B80006B5956 /* AppStoreReviewRequest.swift */ = {isa = PBXFileReference; lastKnownFileType = sourcecode.swift; path = AppStoreReviewRequest.swift; sourceTree = "<group>"; };
		83D99ABD2B796E2E0045C864 /* Vixie Clock.app */ = {isa = PBXFileReference; explicitFileType = wrapper.application; includeInIndex = 0; path = "Vixie Clock.app"; sourceTree = BUILT_PRODUCTS_DIR; };
		83D99AC42B796E2E0045C864 /* Vixie_ClockApp.swift */ = {isa = PBXFileReference; lastKnownFileType = sourcecode.swift; path = Vixie_ClockApp.swift; sourceTree = "<group>"; };
		83D99ACA2B796E300045C864 /* Assets.xcassets */ = {isa = PBXFileReference; lastKnownFileType = folder.assetcatalog; path = Assets.xcassets; sourceTree = "<group>"; };
		83D99ACD2B796E300045C864 /* Preview Assets.xcassets */ = {isa = PBXFileReference; lastKnownFileType = folder.assetcatalog; path = "Preview Assets.xcassets"; sourceTree = "<group>"; };
		83D99ACF2B796E300045C864 /* Info.plist */ = {isa = PBXFileReference; lastKnownFileType = text.plist.xml; path = Info.plist; sourceTree = "<group>"; };
		83D99AD72B7978A20045C864 /* NixieOne.ttf */ = {isa = PBXFileReference; lastKnownFileType = file; path = NixieOne.ttf; sourceTree = "<group>"; };
		83D99AD92B797AE10045C864 /* NixieView.swift */ = {isa = PBXFileReference; lastKnownFileType = sourcecode.swift; path = NixieView.swift; sourceTree = "<group>"; };
		83D99ADB2B7988EB0045C864 /* ContentView.swift */ = {isa = PBXFileReference; lastKnownFileType = sourcecode.swift; path = ContentView.swift; sourceTree = "<group>"; };
		83D99ADD2B798C600045C864 /* NixieColor.swift */ = {isa = PBXFileReference; lastKnownFileType = sourcecode.swift; path = NixieColor.swift; sourceTree = "<group>"; };
		83D99ADF2B7993B80045C864 /* NixieSettings.swift */ = {isa = PBXFileReference; lastKnownFileType = sourcecode.swift; path = NixieSettings.swift; sourceTree = "<group>"; };
		83D99AE12B799A640045C864 /* NixieSettingsView.swift */ = {isa = PBXFileReference; lastKnownFileType = sourcecode.swift; path = NixieSettingsView.swift; sourceTree = "<group>"; };
		83D99AE42B79B0C10045C864 /* NixieOneOFL.txt */ = {isa = PBXFileReference; fileEncoding = 4; lastKnownFileType = text; path = NixieOneOFL.txt; sourceTree = "<group>"; };
		83D99AE72B79B12B0045C864 /* AboutView.swift */ = {isa = PBXFileReference; lastKnownFileType = sourcecode.swift; path = AboutView.swift; sourceTree = "<group>"; };
/* End PBXFileReference section */

/* Begin PBXFrameworksBuildPhase section */
		83D99ABA2B796E2E0045C864 /* Frameworks */ = {
			isa = PBXFrameworksBuildPhase;
			buildActionMask = 2147483647;
			files = (
			);
			runOnlyForDeploymentPostprocessing = 0;
		};
/* End PBXFrameworksBuildPhase section */

/* Begin PBXGroup section */
		83D99AB42B796E2E0045C864 = {
			isa = PBXGroup;
			children = (
				83D99ABF2B796E2E0045C864 /* Vixie Clock */,
				83D99ABE2B796E2E0045C864 /* Products */,
			);
			sourceTree = "<group>";
		};
		83D99ABE2B796E2E0045C864 /* Products */ = {
			isa = PBXGroup;
			children = (
				83D99ABD2B796E2E0045C864 /* Vixie Clock.app */,
			);
			name = Products;
			sourceTree = "<group>";
		};
		83D99ABF2B796E2E0045C864 /* Vixie Clock */ = {
			isa = PBXGroup;
			children = (
				83D99AC42B796E2E0045C864 /* Vixie_ClockApp.swift */,
				83D99ADB2B7988EB0045C864 /* ContentView.swift */,
				83D99AE72B79B12B0045C864 /* AboutView.swift */,
				83D99ADD2B798C600045C864 /* NixieColor.swift */,
				83D99AD92B797AE10045C864 /* NixieView.swift */,
				83D99ACA2B796E300045C864 /* Assets.xcassets */,
				83D99ACF2B796E300045C864 /* Info.plist */,
				83D99AE12B799A640045C864 /* NixieSettingsView.swift */,
				83D99ADF2B7993B80045C864 /* NixieSettings.swift */,
				83D99AE62B79B0C60045C864 /* Resources */,
				83D99ACC2B796E300045C864 /* Preview Content */,
				8394CE802B7D6B80006B5956 /* AppStoreReviewRequest.swift */,
			);
			path = "Vixie Clock";
			sourceTree = "<group>";
		};
		83D99ACC2B796E300045C864 /* Preview Content */ = {
			isa = PBXGroup;
			children = (
				83D99ACD2B796E300045C864 /* Preview Assets.xcassets */,
			);
			path = "Preview Content";
			sourceTree = "<group>";
		};
		83D99AE62B79B0C60045C864 /* Resources */ = {
			isa = PBXGroup;
			children = (
				83D99AD72B7978A20045C864 /* NixieOne.ttf */,
				83D99AE42B79B0C10045C864 /* NixieOneOFL.txt */,
			);
			path = Resources;
			sourceTree = "<group>";
		};
/* End PBXGroup section */

/* Begin PBXNativeTarget section */
		83D99ABC2B796E2E0045C864 /* Vixie Clock */ = {
			isa = PBXNativeTarget;
			buildConfigurationList = 83D99AD22B796E300045C864 /* Build configuration list for PBXNativeTarget "Vixie Clock" */;
			buildPhases = (
				83D99AB92B796E2E0045C864 /* Sources */,
				83D99ABA2B796E2E0045C864 /* Frameworks */,
				83D99ABB2B796E2E0045C864 /* Resources */,
			);
			buildRules = (
			);
			dependencies = (
			);
			name = "Vixie Clock";
			packageProductDependencies = (
			);
			productName = "Vixie Clock";
			productReference = 83D99ABD2B796E2E0045C864 /* Vixie Clock.app */;
			productType = "com.apple.product-type.application";
		};
/* End PBXNativeTarget section */

/* Begin PBXProject section */
		83D99AB52B796E2E0045C864 /* Project object */ = {
			isa = PBXProject;
			attributes = {
				BuildIndependentTargetsInParallel = 1;
				LastSwiftUpdateCheck = 1520;
				LastUpgradeCheck = 1520;
				TargetAttributes = {
					83D99ABC2B796E2E0045C864 = {
						CreatedOnToolsVersion = 15.2;
					};
				};
			};
			buildConfigurationList = 83D99AB82B796E2E0045C864 /* Build configuration list for PBXProject "Vixie Clock" */;
			compatibilityVersion = "Xcode 14.0";
			developmentRegion = en;
			hasScannedForEncodings = 0;
			knownRegions = (
				en,
				Base,
			);
			mainGroup = 83D99AB42B796E2E0045C864;
			productRefGroup = 83D99ABE2B796E2E0045C864 /* Products */;
			projectDirPath = "";
			projectRoot = "";
			targets = (
				83D99ABC2B796E2E0045C864 /* Vixie Clock */,
			);
		};
/* End PBXProject section */

/* Begin PBXResourcesBuildPhase section */
		83D99ABB2B796E2E0045C864 /* Resources */ = {
			isa = PBXResourcesBuildPhase;
			buildActionMask = 2147483647;
			files = (
				83D99ACE2B796E300045C864 /* Preview Assets.xcassets in Resources */,
				83D99AE52B79B0C10045C864 /* NixieOneOFL.txt in Resources */,
				83D99ACB2B796E300045C864 /* Assets.xcassets in Resources */,
				83D99AD82B7978A20045C864 /* NixieOne.ttf in Resources */,
			);
			runOnlyForDeploymentPostprocessing = 0;
		};
/* End PBXResourcesBuildPhase section */

/* Begin PBXSourcesBuildPhase section */
		83D99AB92B796E2E0045C864 /* Sources */ = {
			isa = PBXSourcesBuildPhase;
			buildActionMask = 2147483647;
			files = (
				83D99AE22B799A640045C864 /* NixieSettingsView.swift in Sources */,
				83D99AE82B79B12B0045C864 /* AboutView.swift in Sources */,
				83D99AE02B7993B80045C864 /* NixieSettings.swift in Sources */,
				83D99ADE2B798C600045C864 /* NixieColor.swift in Sources */,
				83D99AC52B796E2E0045C864 /* Vixie_ClockApp.swift in Sources */,
				83D99ADC2B7988EB0045C864 /* ContentView.swift in Sources */,
				83D99ADA2B797AE10045C864 /* NixieView.swift in Sources */,
				8394CE812B7D6B80006B5956 /* AppStoreReviewRequest.swift in Sources */,
			);
			runOnlyForDeploymentPostprocessing = 0;
		};
/* End PBXSourcesBuildPhase section */

/* Begin XCBuildConfiguration section */
		83D99AD02B796E300045C864 /* Debug */ = {
			isa = XCBuildConfiguration;
			buildSettings = {
				ALWAYS_SEARCH_USER_PATHS = NO;
				ASSETCATALOG_COMPILER_GENERATE_SWIFT_ASSET_SYMBOL_EXTENSIONS = YES;
				CLANG_ANALYZER_NONNULL = YES;
				CLANG_ANALYZER_NUMBER_OBJECT_CONVERSION = YES_AGGRESSIVE;
				CLANG_CXX_LANGUAGE_STANDARD = "gnu++20";
				CLANG_ENABLE_MODULES = YES;
				CLANG_ENABLE_OBJC_ARC = YES;
				CLANG_ENABLE_OBJC_WEAK = YES;
				CLANG_WARN_BLOCK_CAPTURE_AUTORELEASING = YES;
				CLANG_WARN_BOOL_CONVERSION = YES;
				CLANG_WARN_COMMA = YES;
				CLANG_WARN_CONSTANT_CONVERSION = YES;
				CLANG_WARN_DEPRECATED_OBJC_IMPLEMENTATIONS = YES;
				CLANG_WARN_DIRECT_OBJC_ISA_USAGE = YES_ERROR;
				CLANG_WARN_DOCUMENTATION_COMMENTS = YES;
				CLANG_WARN_EMPTY_BODY = YES;
				CLANG_WARN_ENUM_CONVERSION = YES;
				CLANG_WARN_INFINITE_RECURSION = YES;
				CLANG_WARN_INT_CONVERSION = YES;
				CLANG_WARN_NON_LITERAL_NULL_CONVERSION = YES;
				CLANG_WARN_OBJC_IMPLICIT_RETAIN_SELF = YES;
				CLANG_WARN_OBJC_LITERAL_CONVERSION = YES;
				CLANG_WARN_OBJC_ROOT_CLASS = YES_ERROR;
				CLANG_WARN_QUOTED_INCLUDE_IN_FRAMEWORK_HEADER = YES;
				CLANG_WARN_RANGE_LOOP_ANALYSIS = YES;
				CLANG_WARN_STRICT_PROTOTYPES = YES;
				CLANG_WARN_SUSPICIOUS_MOVE = YES;
				CLANG_WARN_UNGUARDED_AVAILABILITY = YES_AGGRESSIVE;
				CLANG_WARN_UNREACHABLE_CODE = YES;
				CLANG_WARN__DUPLICATE_METHOD_MATCH = YES;
				COPY_PHASE_STRIP = NO;
				DEBUG_INFORMATION_FORMAT = dwarf;
				ENABLE_STRICT_OBJC_MSGSEND = YES;
				ENABLE_TESTABILITY = YES;
				ENABLE_USER_SCRIPT_SANDBOXING = YES;
				GCC_C_LANGUAGE_STANDARD = gnu17;
				GCC_DYNAMIC_NO_PIC = NO;
				GCC_NO_COMMON_BLOCKS = YES;
				GCC_OPTIMIZATION_LEVEL = 0;
				GCC_PREPROCESSOR_DEFINITIONS = (
					"DEBUG=1",
					"$(inherited)",
				);
				GCC_WARN_64_TO_32_BIT_CONVERSION = YES;
				GCC_WARN_ABOUT_RETURN_TYPE = YES_ERROR;
				GCC_WARN_UNDECLARED_SELECTOR = YES;
				GCC_WARN_UNINITIALIZED_AUTOS = YES_AGGRESSIVE;
				GCC_WARN_UNUSED_FUNCTION = YES;
				GCC_WARN_UNUSED_VARIABLE = YES;
				LOCALIZATION_PREFERS_STRING_CATALOGS = YES;
				MTL_ENABLE_DEBUG_INFO = INCLUDE_SOURCE;
				MTL_FAST_MATH = YES;
				ONLY_ACTIVE_ARCH = YES;
				SDKROOT = xros;
				SWIFT_ACTIVE_COMPILATION_CONDITIONS = "DEBUG $(inherited)";
				SWIFT_OPTIMIZATION_LEVEL = "-Onone";
				XROS_DEPLOYMENT_TARGET = 1.0;
			};
			name = Debug;
		};
		83D99AD12B796E300045C864 /* Release */ = {
			isa = XCBuildConfiguration;
			buildSettings = {
				ALWAYS_SEARCH_USER_PATHS = NO;
				ASSETCATALOG_COMPILER_GENERATE_SWIFT_ASSET_SYMBOL_EXTENSIONS = YES;
				CLANG_ANALYZER_NONNULL = YES;
				CLANG_ANALYZER_NUMBER_OBJECT_CONVERSION = YES_AGGRESSIVE;
				CLANG_CXX_LANGUAGE_STANDARD = "gnu++20";
				CLANG_ENABLE_MODULES = YES;
				CLANG_ENABLE_OBJC_ARC = YES;
				CLANG_ENABLE_OBJC_WEAK = YES;
				CLANG_WARN_BLOCK_CAPTURE_AUTORELEASING = YES;
				CLANG_WARN_BOOL_CONVERSION = YES;
				CLANG_WARN_COMMA = YES;
				CLANG_WARN_CONSTANT_CONVERSION = YES;
				CLANG_WARN_DEPRECATED_OBJC_IMPLEMENTATIONS = YES;
				CLANG_WARN_DIRECT_OBJC_ISA_USAGE = YES_ERROR;
				CLANG_WARN_DOCUMENTATION_COMMENTS = YES;
				CLANG_WARN_EMPTY_BODY = YES;
				CLANG_WARN_ENUM_CONVERSION = YES;
				CLANG_WARN_INFINITE_RECURSION = YES;
				CLANG_WARN_INT_CONVERSION = YES;
				CLANG_WARN_NON_LITERAL_NULL_CONVERSION = YES;
				CLANG_WARN_OBJC_IMPLICIT_RETAIN_SELF = YES;
				CLANG_WARN_OBJC_LITERAL_CONVERSION = YES;
				CLANG_WARN_OBJC_ROOT_CLASS = YES_ERROR;
				CLANG_WARN_QUOTED_INCLUDE_IN_FRAMEWORK_HEADER = YES;
				CLANG_WARN_RANGE_LOOP_ANALYSIS = YES;
				CLANG_WARN_STRICT_PROTOTYPES = YES;
				CLANG_WARN_SUSPICIOUS_MOVE = YES;
				CLANG_WARN_UNGUARDED_AVAILABILITY = YES_AGGRESSIVE;
				CLANG_WARN_UNREACHABLE_CODE = YES;
				CLANG_WARN__DUPLICATE_METHOD_MATCH = YES;
				COPY_PHASE_STRIP = NO;
				DEBUG_INFORMATION_FORMAT = "dwarf-with-dsym";
				ENABLE_NS_ASSERTIONS = NO;
				ENABLE_STRICT_OBJC_MSGSEND = YES;
				ENABLE_USER_SCRIPT_SANDBOXING = YES;
				GCC_C_LANGUAGE_STANDARD = gnu17;
				GCC_NO_COMMON_BLOCKS = YES;
				GCC_WARN_64_TO_32_BIT_CONVERSION = YES;
				GCC_WARN_ABOUT_RETURN_TYPE = YES_ERROR;
				GCC_WARN_UNDECLARED_SELECTOR = YES;
				GCC_WARN_UNINITIALIZED_AUTOS = YES_AGGRESSIVE;
				GCC_WARN_UNUSED_FUNCTION = YES;
				GCC_WARN_UNUSED_VARIABLE = YES;
				LOCALIZATION_PREFERS_STRING_CATALOGS = YES;
				MTL_ENABLE_DEBUG_INFO = NO;
				MTL_FAST_MATH = YES;
				SDKROOT = xros;
				SWIFT_COMPILATION_MODE = wholemodule;
				VALIDATE_PRODUCT = YES;
				XROS_DEPLOYMENT_TARGET = 1.0;
			};
			name = Release;
		};
		83D99AD32B796E300045C864 /* Debug */ = {
			isa = XCBuildConfiguration;
			buildSettings = {
				ASSETCATALOG_COMPILER_APPICON_NAME = AppIcon;
				ASSETCATALOG_COMPILER_GLOBAL_ACCENT_COLOR_NAME = AccentColor;
				CODE_SIGN_STYLE = Automatic;
				CURRENT_PROJECT_VERSION = 1;
				DEVELOPMENT_ASSET_PATHS = "\"Vixie Clock/Preview Content\"";
				DEVELOPMENT_TEAM = "";
				ENABLE_PREVIEWS = YES;
				GENERATE_INFOPLIST_FILE = YES;
				INFOPLIST_FILE = "$(TARGET_NAME)/Info.plist";
				LD_RUNPATH_SEARCH_PATHS = (
					"$(inherited)",
					"@executable_path/Frameworks",
				);
				MARKETING_VERSION = 1.1.0;
				PRODUCT_BUNDLE_IDENTIFIER = "com.example.Vixie-Clock";
				PRODUCT_NAME = "$(TARGET_NAME)";
				SUPPORTED_PLATFORMS = "xros xrsimulator";
				SWIFT_EMIT_LOC_STRINGS = YES;
				SWIFT_VERSION = 5.0;
				TARGETED_DEVICE_FAMILY = "1,2,7";
				XROS_DEPLOYMENT_TARGET = 1.0;
			};
			name = Debug;
		};
		83D99AD42B796E300045C864 /* Release */ = {
			isa = XCBuildConfiguration;
			buildSettings = {
				ASSETCATALOG_COMPILER_APPICON_NAME = AppIcon;
				ASSETCATALOG_COMPILER_GLOBAL_ACCENT_COLOR_NAME = AccentColor;
				CODE_SIGN_STYLE = Automatic;
				CURRENT_PROJECT_VERSION = 1;
				DEVELOPMENT_ASSET_PATHS = "\"Vixie Clock/Preview Content\"";
				DEVELOPMENT_TEAM = "";
				ENABLE_PREVIEWS = YES;
				GENERATE_INFOPLIST_FILE = YES;
				INFOPLIST_FILE = "$(TARGET_NAME)/Info.plist";
				LD_RUNPATH_SEARCH_PATHS = (
					"$(inherited)",
					"@executable_path/Frameworks",
				);
				MARKETING_VERSION = 1.1.0;
				PRODUCT_BUNDLE_IDENTIFIER = "com.example.Vixie-Clock";
				PRODUCT_NAME = "$(TARGET_NAME)";
				SUPPORTED_PLATFORMS = "xros xrsimulator";
				SWIFT_EMIT_LOC_STRINGS = YES;
				SWIFT_VERSION = 5.0;
				TARGETED_DEVICE_FAMILY = "1,2,7";
				XROS_DEPLOYMENT_TARGET = 1.0;
			};
			name = Release;
		};
/* End XCBuildConfiguration section */

/* Begin XCConfigurationList section */
		83D99AB82B796E2E0045C864 /* Build configuration list for PBXProject "Vixie Clock" */ = {
			isa = XCConfigurationList;
			buildConfigurations = (
				83D99AD02B796E300045C864 /* Debug */,
				83D99AD12B796E300045C864 /* Release */,
			);
			defaultConfigurationIsVisible = 0;
			defaultConfigurationName = Release;
		};
		83D99AD22B796E300045C864 /* Build configuration list for PBXNativeTarget "Vixie Clock" */ = {
			isa = XCConfigurationList;
			buildConfigurations = (
				83D99AD32B796E300045C864 /* Debug */,
				83D99AD42B796E300045C864 /* Release */,
			);
			defaultConfigurationIsVisible = 0;
			defaultConfigurationName = Release;
		};
/* End XCConfigurationList section */
	};
	rootObject = 83D99AB52B796E2E0045C864 /* Project object */;
}
